<?xml version="1.0" encoding="utf-8"?>
<Project ToolsVersion="4.0" xmlns="http://schemas.microsoft.com/developer/msbuild/2003">
  <ItemGroup>
    <Filter Include="source">
      <UniqueIdentifier>{a051f4c2-f0f7-440a-87b8-7e2ee6d18bb9}</UniqueIdentifier>
      <Extensions>cpp;c;cc;cxx;def;odl;idl;hpj;bat;asm</Extensions>
    </Filter>
    <Filter Include="include">
      <UniqueIdentifier>{5ca1e67e-ff37-41ce-805a-c5c374bd22f1}</UniqueIdentifier>
      <Extensions>h;hpp;hxx;hm;inl;inc</Extensions>
    </Filter>
    <Filter Include="resource">
      <UniqueIdentifier>{299756b2-9e73-4967-81e8-d1fdb8f5e974}</UniqueIdentifier>
      <Extensions>rc;ico;cur;bmp;dlg;rc2;rct;bin;rgs;jpg;jpeg;jpe;png;manifest</Extensions>
    </Filter>
  </ItemGroup>
  <ItemGroup>
    <Image Include="res\Epsilon5-Cocos2d.ico">
      <Filter>resource</Filter>
    </Image>
    <Image Include="..\Resources\CloseSelected.png">
      <Filter>resource</Filter>
    </Image>
    <Image Include="..\Resources\CloseNormal.png">
      <Filter>resource</Filter>
    </Image>
    <Image Include="..\Resources\HelloWorld.png">
      <Filter>resource</Filter>
    </Image>
  </ItemGroup>
  <ItemGroup>
    <ResourceCompile Include="Epsilon5-Cocos2d.rc">
      <Filter>resource</Filter>
    </ResourceCompile>
  </ItemGroup>
  <ItemGroup>
    <ClCompile Include="main.cpp">
      <Filter>source</Filter>
    </ClCompile>
    <ClCompile Include="..\Classes\Graphics\AppDelegate.cpp">
      <Filter>source</Filter>
    </ClCompile>
    <ClCompile Include="..\Classes\Graphics\GameScene.cpp">
      <Filter>source</Filter>
    </ClCompile>
    <ClCompile Include="..\Classes\Network\MessageProcessor.cpp">
      <Filter>source</Filter>
    </ClCompile>
    <ClCompile Include="..\Classes\Network\NetworkService.cpp">
      <Filter>source</Filter>
    </ClCompile>
    <ClCompile Include="..\Classes\Network\Socket.cpp">
      <Filter>source</Filter>
    </ClCompile>
    <ClCompile Include="..\Classes\World\World.cpp">
      <Filter>source</Filter>
    </ClCompile>
    <ClCompile Include="..\..\..\Epsilon5-Proto\Epsilon5.pb.cc">
      <Filter>source</Filter>
    </ClCompile>
    <ClCompile Include="..\Classes\Context.cpp">
      <Filter>source</Filter>
    </ClCompile>
    <ClCompile Include="..\Classes\Settings.cpp">
      <Filter>source</Filter>
    </ClCompile>
    <ClCompile Include="..\Classes\World\Controller.cpp">
      <Filter>source</Filter>
    </ClCompile>
  </ItemGroup>
  <ItemGroup>
    <ClInclude Include="main.h">
      <Filter>include</Filter>
    </ClInclude>
    <ClInclude Include="..\Classes\Exception.h">
      <Filter>include</Filter>
    </ClInclude>
    <ClInclude Include="..\Classes\Graphics\AppDelegate.h">
      <Filter>include</Filter>
    </ClInclude>
    <ClInclude Include="..\Classes\Graphics\GameScene.h">
      <Filter>include</Filter>
    </ClInclude>
    <ClInclude Include="..\Classes\Graphics\GraphicsException.h">
      <Filter>include</Filter>
    </ClInclude>
    <ClInclude Include="..\Classes\Network\MessageProcessor.h">
      <Filter>include</Filter>
    </ClInclude>
    <ClInclude Include="..\Classes\Network\NetworkException.h">
      <Filter>include</Filter>
    </ClInclude>
    <ClInclude Include="..\Classes\Network\NetworkService.h">
      <Filter>include</Filter>
    </ClInclude>
    <ClInclude Include="..\Classes\Network\Socket.h">
      <Filter>include</Filter>
    </ClInclude>
    <ClInclude Include="..\Classes\World\World.h">
      <Filter>include</Filter>
    </ClInclude>
    <ClInclude Include="resource.h">
      <Filter>include</Filter>
    </ClInclude>
    <ClInclude Include="..\..\..\Epsilon5-Proto\Epsilon5.pb.h">
      <Filter>include</Filter>
    </ClInclude>
    <ClInclude Include="..\..\..\Epsilon5-Proto\PacketType.h">
      <Filter>include</Filter>
    </ClInclude>
    <ClInclude Include="..\Classes\Context.h">
      <Filter>include</Filter>
    </ClInclude>
    <ClInclude Include="..\Classes\Settings.h">
      <Filter>include</Filter>
    </ClInclude>
    <ClInclude Include="..\Classes\Util\Cast.h">
      <Filter>include</Filter>
    </ClInclude>
    <ClInclude Include="..\Classes\World\Controller.h">
      <Filter>include</Filter>
    </ClInclude>
  </ItemGroup>
</Project>